<Solution>
  <Folder Name="/Docs/" />
  <Project Path="Cms.Application/Cms.Application.csproj" />
  <Project Path="Cms.Database/Cms.Database.csproj" Id="c85a27f2-e5e1-4da3-9c34-b5f5e19ccb2d" />
  <Project Path="Cms.Infrastructure/Cms.Infrastructure.csproj" />
  <Project Path="Cms.Web/Cms.Web.csproj" />
</Solution>
